
Microsoft Visual Studio Solution File, Format Version 12.00
# Visual Studio Version 17
VisualStudioVersion = 17.0.32014.148
MinimumVisualStudioVersion = 10.0.40219.1
Project("{FAE04EC0-301F-11D3-BF4B-00C04F79EFBC}") = "AppSimProva_JoãoPaulo_2B1", "AppSimProva_JoãoPaulo_2B1\AppSimProva_JoãoPaulo_2B1.csproj", "{AADBAD31-A6C9-4DFF-ACA3-7AE0B67423B4}"
EndProject
Global
	GlobalSection(SolutionConfigurationPlatforms) = preSolution
		Debug|Any CPU = Debug|Any CPU
		Release|Any CPU = Release|Any CPU
	EndGlobalSection
	GlobalSection(ProjectConfigurationPlatforms) = postSolution
		{AADBAD31-A6C9-4DFF-ACA3-7AE0B67423B4}.Debug|Any CPU.ActiveCfg = Debug|Any CPU
		{AADBAD31-A6C9-4DFF-ACA3-7AE0B67423B4}.Debug|Any CPU.Build.0 = Debug|Any CPU
		{AADBAD31-A6C9-4DFF-ACA3-7AE0B67423B4}.Release|Any CPU.ActiveCfg = Release|Any CPU
		{AADBAD31-A6C9-4DFF-ACA3-7AE0B67423B4}.Release|Any CPU.Build.0 = Release|Any CPU
	EndGlobalSection
	GlobalSection(SolutionProperties) = preSolution
		HideSolutionNode = FALSE
	EndGlobalSection
	GlobalSection(ExtensibilityGlobals) = postSolution
		SolutionGuid = {BCAB6B37-6423-42DD-915A-8E79933E893D}
	EndGlobalSection
EndGlobal
