
Microsoft Visual Studio Solution File, Format Version 12.00
# Visual Studio Version 17
VisualStudioVersion = 17.0.32014.148
MinimumVisualStudioVersion = 10.0.40219.1
Project("{FAE04EC0-301F-11D3-BF4B-00C04F79EFBC}") = "AppTestePratico_JoaoPauloFonsecaEliad", "AppTestePratico_JoaoPauloFonsecaEliad\AppTestePratico_JoaoPauloFonsecaEliad.csproj", "{CD0E88EF-7235-4FEA-9021-41A01BEEDDFE}"
EndProject
Global
	GlobalSection(SolutionConfigurationPlatforms) = preSolution
		Debug|Any CPU = Debug|Any CPU
		Release|Any CPU = Release|Any CPU
	EndGlobalSection
	GlobalSection(ProjectConfigurationPlatforms) = postSolution
		{CD0E88EF-7235-4FEA-9021-41A01BEEDDFE}.Debug|Any CPU.ActiveCfg = Debug|Any CPU
		{CD0E88EF-7235-4FEA-9021-41A01BEEDDFE}.Debug|Any CPU.Build.0 = Debug|Any CPU
		{CD0E88EF-7235-4FEA-9021-41A01BEEDDFE}.Release|Any CPU.ActiveCfg = Release|Any CPU
		{CD0E88EF-7235-4FEA-9021-41A01BEEDDFE}.Release|Any CPU.Build.0 = Release|Any CPU
	EndGlobalSection
	GlobalSection(SolutionProperties) = preSolution
		HideSolutionNode = FALSE
	EndGlobalSection
	GlobalSection(ExtensibilityGlobals) = postSolution
		SolutionGuid = {08EEE8D1-C143-450F-84B8-BA58CBFC128F}
	EndGlobalSection
EndGlobal
